// !$*UTF8*$!
{
	archiveVersion = 1;
	classes = {
	};
	objectVersion = 46;
	objects = {

/* Begin PBXBuildFile section */
		E17792EA1C51716E00691D19 /* main.m in Sources */ = {isa = PBXBuildFile; fileRef = E17792E91C51716E00691D19 /* main.m */; };
		E17792ED1C51716E00691D19 /* AppDelegate.m in Sources */ = {isa = PBXBuildFile; fileRef = E17792EC1C51716E00691D19 /* AppDelegate.m */; };
		E17792F01C51716E00691D19 /* ViewController.m in Sources */ = {isa = PBXBuildFile; fileRef = E17792EF1C51716E00691D19 /* ViewController.m */; };
		E17792F31C51716E00691D19 /* Main.storyboard in Resources */ = {isa = PBXBuildFile; fileRef = E17792F11C51716E00691D19 /* Main.storyboard */; };
		E17792F51C51716E00691D19 /* Assets.xcassets in Resources */ = {isa = PBXBuildFile; fileRef = E17792F41C51716E00691D19 /* Assets.xcassets */; };
		E17792F81C51716E00691D19 /* LaunchScreen.storyboard in Resources */ = {isa = PBXBuildFile; fileRef = E17792F61C51716E00691D19 /* LaunchScreen.storyboard */; };
		E17793011C5190D500691D19 /* DieViewController.m in Sources */ = {isa = PBXBuildFile; fileRef = E17793001C5190D500691D19 /* DieViewController.m */; };
		E17793041C5193A600691D19 /* DieLabel.m in Sources */ = {isa = PBXBuildFile; fileRef = E17793031C5193A600691D19 /* DieLabel.m */; };
/* End PBXBuildFile section */

/* Begin PBXFileReference section */
		E17792E51C51716E00691D19 /* Dice.app */ = {isa = PBXFileReference; explicitFileType = wrapper.application; includeInIndex = 0; path = Dice.app; sourceTree = BUILT_PRODUCTS_DIR; };
		E17792E91C51716E00691D19 /* main.m */ = {isa = PBXFileReference; lastKnownFileType = sourcecode.c.objc; path = main.m; sourceTree = "<group>"; };
		E17792EB1C51716E00691D19 /* AppDelegate.h */ = {isa = PBXFileReference; lastKnownFileType = sourcecode.c.h; path = AppDelegate.h; sourceTree = "<group>"; };
		E17792EC1C51716E00691D19 /* AppDelegate.m */ = {isa = PBXFileReference; lastKnownFileType = sourcecode.c.objc; path = AppDelegate.m; sourceTree = "<group>"; };
		E17792EE1C51716E00691D19 /* ViewController.h */ = {isa = PBXFileReference; lastKnownFileType = sourcecode.c.h; path = ViewController.h; sourceTree = "<group>"; };
		E17792EF1C51716E00691D19 /* ViewController.m */ = {isa = PBXFileReference; lastKnownFileType = sourcecode.c.objc; path = ViewController.m; sourceTree = "<group>"; };
		E17792F21C51716E00691D19 /* Base */ = {isa = PBXFileReference; lastKnownFileType = file.storyboard; name = Base; path = Base.lproj/Main.storyboard; sourceTree = "<group>"; };
		E17792F41C51716E00691D19 /* Assets.xcassets */ = {isa = PBXFileReference; lastKnownFileType = folder.assetcatalog; path = Assets.xcassets; sourceTree = "<group>"; };
		E17792F71C51716E00691D19 /* Base */ = {isa = PBXFileReference; lastKnownFileType = file.storyboard; name = Base; path = Base.lproj/LaunchScreen.storyboard; sourceTree = "<group>"; };
		E17792F91C51716E00691D19 /* Info.plist */ = {isa = PBXFileReference; lastKnownFileType = text.plist.xml; path = Info.plist; sourceTree = "<group>"; };
		E17792FF1C5190D500691D19 /* DieViewController.h */ = {isa = PBXFileReference; fileEncoding = 4; lastKnownFileType = sourcecode.c.h; path = DieViewController.h; sourceTree = "<group>"; };
		E17793001C5190D500691D19 /* DieViewController.m */ = {isa = PBXFileReference; fileEncoding = 4; lastKnownFileType = sourcecode.c.objc; path = DieViewController.m; sourceTree = "<group>"; };
		E17793021C5193A600691D19 /* DieLabel.h */ = {isa = PBXFileReference; fileEncoding = 4; lastKnownFileType = sourcecode.c.h; path = DieLabel.h; sourceTree = "<group>"; };
		E17793031C5193A600691D19 /* DieLabel.m */ = {isa = PBXFileReference; fileEncoding = 4; lastKnownFileType = sourcecode.c.objc; path = DieLabel.m; sourceTree = "<group>"; };
/* End PBXFileReference section */

/* Begin PBXFrameworksBuildPhase section */
		E17792E21C51716E00691D19 /* Frameworks */ = {
			isa = PBXFrameworksBuildPhase;
			buildActionMask = 2147483647;
			files = (
			);
			runOnlyForDeploymentPostprocessing = 0;
		};
/* End PBXFrameworksBuildPhase section */

/* Begin PBXGroup section */
		E17792DC1C51716E00691D19 = {
			isa = PBXGroup;
			children = (
				E17792E71C51716E00691D19 /* Dice */,
				E17792E61C51716E00691D19 /* Products */,
			);
			sourceTree = "<group>";
		};
		E17792E61C51716E00691D19 /* Products */ = {
			isa = PBXGroup;
			children = (
				E17792E51C51716E00691D19 /* Dice.app */,
			);
			name = Products;
			sourceTree = "<group>";
		};
		E17792E71C51716E00691D19 /* Dice */ = {
			isa = PBXGroup;
			children = (
				E17792EB1C51716E00691D19 /* AppDelegate.h */,
				E17792EC1C51716E00691D19 /* AppDelegate.m */,
				E17792EE1C51716E00691D19 /* ViewController.h */,
				E17792EF1C51716E00691D19 /* ViewController.m */,
				E17793021C5193A600691D19 /* DieLabel.h */,
				E17793031C5193A600691D19 /* DieLabel.m */,
				E17792F11C51716E00691D19 /* Main.storyboard */,
				E17792FF1C5190D500691D19 /* DieViewController.h */,
				E17793001C5190D500691D19 /* DieViewController.m */,
				E17792F41C51716E00691D19 /* Assets.xcassets */,
				E17792F61C51716E00691D19 /* LaunchScreen.storyboard */,
				E17792F91C51716E00691D19 /* Info.plist */,
				E17792E81C51716E00691D19 /* Supporting Files */,
			);
			path = Dice;
			sourceTree = "<group>";
		};
		E17792E81C51716E00691D19 /* Supporting Files */ = {
			isa = PBXGroup;
			children = (
				E17792E91C51716E00691D19 /* main.m */,
			);
			name = "Supporting Files";
			sourceTree = "<group>";
		};
/* End PBXGroup section */

/* Begin PBXNativeTarget section */
		E17792E41C51716E00691D19 /* Dice */ = {
			isa = PBXNativeTarget;
			buildConfigurationList = E17792FC1C51716E00691D19 /* Build configuration list for PBXNativeTarget "Dice" */;
			buildPhases = (
				E17792E11C51716E00691D19 /* Sources */,
				E17792E21C51716E00691D19 /* Frameworks */,
				E17792E31C51716E00691D19 /* Resources */,
			);
			buildRules = (
			);
			dependencies = (
			);
			name = Dice;
			productName = Dice;
			productReference = E17792E51C51716E00691D19 /* Dice.app */;
			productType = "com.apple.product-type.application";
		};
/* End PBXNativeTarget section */

/* Begin PBXProject section */
		E17792DD1C51716E00691D19 /* Project object */ = {
			isa = PBXProject;
			attributes = {
				LastUpgradeCheck = 0720;
				ORGANIZATIONNAME = "south boske";
				TargetAttributes = {
					E17792E41C51716E00691D19 = {
						CreatedOnToolsVersion = 7.2;
						DevelopmentTeam = 578LKCXRL5;
					};
				};
			};
			buildConfigurationList = E17792E01C51716E00691D19 /* Build configuration list for PBXProject "Dice" */;
			compatibilityVersion = "Xcode 3.2";
			developmentRegion = English;
			hasScannedForEncodings = 0;
			knownRegions = (
				en,
				Base,
			);
			mainGroup = E17792DC1C51716E00691D19;
			productRefGroup = E17792E61C51716E00691D19 /* Products */;
			projectDirPath = "";
			projectRoot = "";
			targets = (
				E17792E41C51716E00691D19 /* Dice */,
			);
		};
/* End PBXProject section */

/* Begin PBXResourcesBuildPhase section */
		E17792E31C51716E00691D19 /* Resources */ = {
			isa = PBXResourcesBuildPhase;
			buildActionMask = 2147483647;
			files = (
				E17792F81C51716E00691D19 /* LaunchScreen.storyboard in Resources */,
				E17792F51C51716E00691D19 /* Assets.xcassets in Resources */,
				E17792F31C51716E00691D19 /* Main.storyboard in Resources */,
			);
			runOnlyForDeploymentPostprocessing = 0;
		};
/* End PBXResourcesBuildPhase section */

/* Begin PBXSourcesBuildPhase section */
		E17792E11C51716E00691D19 /* Sources */ = {
			isa = PBXSourcesBuildPhase;
			buildActionMask = 2147483647;
			files = (
				E17792F01C51716E00691D19 /* ViewController.m in Sources */,
				E17793041C5193A600691D19 /* DieLabel.m in Sources */,
				E17792ED1C51716E00691D19 /* AppDelegate.m in Sources */,
				E17792EA1C51716E00691D19 /* main.m in Sources */,
				E17793011C5190D500691D19 /* DieViewController.m in Sources */,
			);
			runOnlyForDeploymentPostprocessing = 0;
		};
/* End PBXSourcesBuildPhase section */

/* Begin PBXVariantGroup section */
		E17792F11C51716E00691D19 /* Main.storyboard */ = {
			isa = PBXVariantGroup;
			children = (
				E17792F21C51716E00691D19 /* Base */,
			);
			name = Main.storyboard;
			sourceTree = "<group>";
		};
		E17792F61C51716E00691D19 /* LaunchScreen.storyboard */ = {
			isa = PBXVariantGroup;
			children = (
				E17792F71C51716E00691D19 /* Base */,
			);
			name = LaunchScreen.storyboard;
			sourceTree = "<group>";
		};
/* End PBXVariantGroup section */

/* Begin XCBuildConfiguration section */
		E17792FA1C51716E00691D19 /* Debug */ = {
			isa = XCBuildConfiguration;
			buildSettings = {
				ALWAYS_SEARCH_USER_PATHS = NO;
				CLANG_CXX_LANGUAGE_STANDARD = "gnu++0x";
				CLANG_CXX_LIBRARY = "libc++";
				CLANG_ENABLE_MODULES = YES;
				CLANG_ENABLE_OBJC_ARC = YES;
				CLANG_WARN_BOOL_CONVERSION = YES;
				CLANG_WARN_CONSTANT_CONVERSION = YES;
				CLANG_WARN_DIRECT_OBJC_ISA_USAGE = YES_ERROR;
				CLANG_WARN_EMPTY_BODY = YES;
				CLANG_WARN_ENUM_CONVERSION = YES;
				CLANG_WARN_INT_CONVERSION = YES;
				CLANG_WARN_OBJC_ROOT_CLASS = YES_ERROR;
				CLANG_WARN_UNREACHABLE_CODE = YES;
				CLANG_WARN__DUPLICATE_METHOD_MATCH = YES;
				"CODE_SIGN_IDENTITY[sdk=iphoneos*]" = "iPhone Developer";
				COPY_PHASE_STRIP = NO;
				DEBUG_INFORMATION_FORMAT = dwarf;
				ENABLE_STRICT_OBJC_MSGSEND = YES;
				ENABLE_TESTABILITY = YES;
				GCC_C_LANGUAGE_STANDARD = gnu99;
				GCC_DYNAMIC_NO_PIC = NO;
				GCC_NO_COMMON_BLOCKS = YES;
				GCC_OPTIMIZATION_LEVEL = 0;
				GCC_PREPROCESSOR_DEFINITIONS = (
					"DEBUG=1",
					"$(inherited)",
				);
				GCC_WARN_64_TO_32_BIT_CONVERSION = YES;
				GCC_WARN_ABOUT_RETURN_TYPE = YES_ERROR;
				GCC_WARN_UNDECLARED_SELECTOR = YES;
				GCC_WARN_UNINITIALIZED_AUTOS = YES_AGGRESSIVE;
				GCC_WARN_UNUSED_FUNCTION = YES;
				GCC_WARN_UNUSED_VARIABLE = YES;
				IPHONEOS_DEPLOYMENT_TARGET = 9.2;
				MTL_ENABLE_DEBUG_INFO = YES;
				ONLY_ACTIVE_ARCH = YES;
				SDKROOT = iphoneos;
			};
			name = Debug;
		};
		E17792FB1C51716E00691D19 /* Release */ = {
			isa = XCBuildConfiguration;
			buildSettings = {
				ALWAYS_SEARCH_USER_PATHS = NO;
				CLANG_CXX_LANGUAGE_STANDARD = "gnu++0x";
				CLANG_CXX_LIBRARY = "libc++";
				CLANG_ENABLE_MODULES = YES;
				CLANG_ENABLE_OBJC_ARC = YES;
				CLANG_WARN_BOOL_CONVERSION = YES;
				CLANG_WARN_CONSTANT_CONVERSION = YES;
				CLANG_WARN_DIRECT_OBJC_ISA_USAGE = YES_ERROR;
				CLANG_WARN_EMPTY_BODY = YES;
				CLANG_WARN_ENUM_CONVERSION = YES;
				CLANG_WARN_INT_CONVERSION = YES;
				CLANG_WARN_OBJC_ROOT_CLASS = YES_ERROR;
				CLANG_WARN_UNREACHABLE_CODE = YES;
				CLANG_WARN__DUPLICATE_METHOD_MATCH = YES;
				"CODE_SIGN_IDENTITY[sdk=iphoneos*]" = "iPhone Developer";
				COPY_PHASE_STRIP = NO;
				DEBUG_INFORMATION_FORMAT = "dwarf-with-dsym";
				ENABLE_NS_ASSERTIONS = NO;
				ENABLE_STRICT_OBJC_MSGSEND = YES;
				GCC_C_LANGUAGE_STANDARD = gnu99;
				GCC_NO_COMMON_BLOCKS = YES;
				GCC_WARN_64_TO_32_BIT_CONVERSION = YES;
				GCC_WARN_ABOUT_RETURN_TYPE = YES_ERROR;
				GCC_WARN_UNDECLARED_SELECTOR = YES;
				GCC_WARN_UNINITIALIZED_AUTOS = YES_AGGRESSIVE;
				GCC_WARN_UNUSED_FUNCTION = YES;
				GCC_WARN_UNUSED_VARIABLE = YES;
				IPHONEOS_DEPLOYMENT_TARGET = 9.2;
				MTL_ENABLE_DEBUG_INFO = NO;
				SDKROOT = iphoneos;
				VALIDATE_PRODUCT = YES;
			};
			name = Release;
		};
		E17792FD1C51716E00691D19 /* Debug */ = {
			isa = XCBuildConfiguration;
			buildSettings = {
				ASSETCATALOG_COMPILER_APPICON_NAME = AppIcon;
				INFOPLIST_FILE = Dice/Info.plist;
				LD_RUNPATH_SEARCH_PATHS = "$(inherited) @executable_path/Frameworks";
				PRODUCT_BUNDLE_IDENTIFIER = Tellez.Dice;
				PRODUCT_NAME = "$(TARGET_NAME)";
			};
			name = Debug;
		};
		E17792FE1C51716E00691D19 /* Release */ = {
			isa = XCBuildConfiguration;
			buildSettings = {
				ASSETCATALOG_COMPILER_APPICON_NAME = AppIcon;
				INFOPLIST_FILE = Dice/Info.plist;
				LD_RUNPATH_SEARCH_PATHS = "$(inherited) @executable_path/Frameworks";
				PRODUCT_BUNDLE_IDENTIFIER = Tellez.Dice;
				PRODUCT_NAME = "$(TARGET_NAME)";
			};
			name = Release;
		};
/* End XCBuildConfiguration section */

/* Begin XCConfigurationList section */
		E17792E01C51716E00691D19 /* Build configuration list for PBXProject "Dice" */ = {
			isa = XCConfigurationList;
			buildConfigurations = (
				E17792FA1C51716E00691D19 /* Debug */,
				E17792FB1C51716E00691D19 /* Release */,
			);
			defaultConfigurationIsVisible = 0;
			defaultConfigurationName = Release;
		};
		E17792FC1C51716E00691D19 /* Build configuration list for PBXNativeTarget "Dice" */ = {
			isa = XCConfigurationList;
			buildConfigurations = (
				E17792FD1C51716E00691D19 /* Debug */,
				E17792FE1C51716E00691D19 /* Release */,
			);
			defaultConfigurationIsVisible = 0;
		};
/* End XCConfigurationList section */
	};
	rootObject = E17792DD1C51716E00691D19 /* Project object */;
}
